
Microsoft Visual Studio Solution File, Format Version 12.00
# Visual Studio 15
VisualStudioVersion = 15.0.26430.16
MinimumVisualStudioVersion = 10.0.40219.1
Project("{FAE04EC0-301F-11D3-BF4B-00C04F79EFBC}") = "JJOOxamarin.Android", "JJOOxamarin\JJOOxamarin.Android\JJOOxamarin.Android.csproj", "{9F35E77A-3DD6-4F18-AD25-DB105FC50D96}"
EndProject
Project("{FAE04EC0-301F-11D3-BF4B-00C04F79EFBC}") = "JJOOxamarin.iOS", "JJOOxamarin\JJOOxamarin.iOS\JJOOxamarin.iOS.csproj", "{5F727D64-B289-42A9-BE36-EB62C76DC16D}"
EndProject
Project("{FAE04EC0-301F-11D3-BF4B-00C04F79EFBC}") = "JJOOxamarin", "JJOOxamarin\JJOOxamarin\JJOOxamarin.csproj", "{A069B656-6043-42A8-9701-67B41707C399}"
EndProject
Global
	GlobalSection(SolutionConfigurationPlatforms) = preSolution
		Debug|Any CPU = Debug|Any CPU
		Debug|iPhone = Debug|iPhone
		Debug|iPhoneSimulator = Debug|iPhoneSimulator
		Release|Any CPU = Release|Any CPU
		Release|iPhone = Release|iPhone
		Release|iPhoneSimulator = Release|iPhoneSimulator
	EndGlobalSection
	GlobalSection(ProjectConfigurationPlatforms) = postSolution
		{9F35E77A-3DD6-4F18-AD25-DB105FC50D96}.Debug|Any CPU.ActiveCfg = Debug|Any CPU
		{9F35E77A-3DD6-4F18-AD25-DB105FC50D96}.Debug|Any CPU.Build.0 = Debug|Any CPU
		{9F35E77A-3DD6-4F18-AD25-DB105FC50D96}.Debug|Any CPU.Deploy.0 = Debug|Any CPU
		{9F35E77A-3DD6-4F18-AD25-DB105FC50D96}.Debug|iPhone.ActiveCfg = Debug|Any CPU
		{9F35E77A-3DD6-4F18-AD25-DB105FC50D96}.Debug|iPhone.Build.0 = Debug|Any CPU
		{9F35E77A-3DD6-4F18-AD25-DB105FC50D96}.Debug|iPhone.Deploy.0 = Debug|Any CPU
		{9F35E77A-3DD6-4F18-AD25-DB105FC50D96}.Debug|iPhoneSimulator.ActiveCfg = Debug|Any CPU
		{9F35E77A-3DD6-4F18-AD25-DB105FC50D96}.Debug|iPhoneSimulator.Build.0 = Debug|Any CPU
		{9F35E77A-3DD6-4F18-AD25-DB105FC50D96}.Debug|iPhoneSimulator.Deploy.0 = Debug|Any CPU
		{9F35E77A-3DD6-4F18-AD25-DB105FC50D96}.Release|Any CPU.ActiveCfg = Release|Any CPU
		{9F35E77A-3DD6-4F18-AD25-DB105FC50D96}.Release|Any CPU.Build.0 = Release|Any CPU
		{9F35E77A-3DD6-4F18-AD25-DB105FC50D96}.Release|Any CPU.Deploy.0 = Release|Any CPU
		{9F35E77A-3DD6-4F18-AD25-DB105FC50D96}.Release|iPhone.ActiveCfg = Release|Any CPU
		{9F35E77A-3DD6-4F18-AD25-DB105FC50D96}.Release|iPhone.Build.0 = Release|Any CPU
		{9F35E77A-3DD6-4F18-AD25-DB105FC50D96}.Release|iPhone.Deploy.0 = Release|Any CPU
		{9F35E77A-3DD6-4F18-AD25-DB105FC50D96}.Release|iPhoneSimulator.ActiveCfg = Release|Any CPU
		{9F35E77A-3DD6-4F18-AD25-DB105FC50D96}.Release|iPhoneSimulator.Build.0 = Release|Any CPU
		{9F35E77A-3DD6-4F18-AD25-DB105FC50D96}.Release|iPhoneSimulator.Deploy.0 = Release|Any CPU
		{5F727D64-B289-42A9-BE36-EB62C76DC16D}.Debug|Any CPU.ActiveCfg = Debug|iPhone
		{5F727D64-B289-42A9-BE36-EB62C76DC16D}.Debug|iPhone.ActiveCfg = Debug|iPhone
		{5F727D64-B289-42A9-BE36-EB62C76DC16D}.Debug|iPhone.Build.0 = Debug|iPhone
		{5F727D64-B289-42A9-BE36-EB62C76DC16D}.Debug|iPhoneSimulator.ActiveCfg = Debug|iPhoneSimulator
		{5F727D64-B289-42A9-BE36-EB62C76DC16D}.Debug|iPhoneSimulator.Build.0 = Debug|iPhoneSimulator
		{5F727D64-B289-42A9-BE36-EB62C76DC16D}.Release|Any CPU.ActiveCfg = Release|iPhone
		{5F727D64-B289-42A9-BE36-EB62C76DC16D}.Release|iPhone.ActiveCfg = Release|iPhone
		{5F727D64-B289-42A9-BE36-EB62C76DC16D}.Release|iPhone.Build.0 = Release|iPhone
		{5F727D64-B289-42A9-BE36-EB62C76DC16D}.Release|iPhoneSimulator.ActiveCfg = Release|iPhoneSimulator
		{5F727D64-B289-42A9-BE36-EB62C76DC16D}.Release|iPhoneSimulator.Build.0 = Release|iPhoneSimulator
		{A069B656-6043-42A8-9701-67B41707C399}.Debug|Any CPU.ActiveCfg = Debug|Any CPU
		{A069B656-6043-42A8-9701-67B41707C399}.Debug|Any CPU.Build.0 = Debug|Any CPU
		{A069B656-6043-42A8-9701-67B41707C399}.Debug|iPhone.ActiveCfg = Debug|Any CPU
		{A069B656-6043-42A8-9701-67B41707C399}.Debug|iPhone.Build.0 = Debug|Any CPU
		{A069B656-6043-42A8-9701-67B41707C399}.Debug|iPhoneSimulator.ActiveCfg = Debug|Any CPU
		{A069B656-6043-42A8-9701-67B41707C399}.Debug|iPhoneSimulator.Build.0 = Debug|Any CPU
		{A069B656-6043-42A8-9701-67B41707C399}.Release|Any CPU.ActiveCfg = Release|Any CPU
		{A069B656-6043-42A8-9701-67B41707C399}.Release|Any CPU.Build.0 = Release|Any CPU
		{A069B656-6043-42A8-9701-67B41707C399}.Release|iPhone.ActiveCfg = Release|Any CPU
		{A069B656-6043-42A8-9701-67B41707C399}.Release|iPhone.Build.0 = Release|Any CPU
		{A069B656-6043-42A8-9701-67B41707C399}.Release|iPhoneSimulator.ActiveCfg = Release|Any CPU
		{A069B656-6043-42A8-9701-67B41707C399}.Release|iPhoneSimulator.Build.0 = Release|Any CPU
	EndGlobalSection
	GlobalSection(SolutionProperties) = preSolution
		HideSolutionNode = FALSE
	EndGlobalSection
EndGlobal
