
Microsoft Visual Studio Solution File, Format Version 12.00
# Visual Studio 15
VisualStudioVersion = 15.0.26430.16
MinimumVisualStudioVersion = 10.0.40219.1
Project("{FAE04EC0-301F-11D3-BF4B-00C04F79EFBC}") = "JJOOxamarin.Model", "JJOOxamarin\JJOOxamarin.Model\JJOOxamarin.Model.csproj", "{0D6E1326-9622-41B0-8159-778D646B58D2}"
EndProject
Project("{FAE04EC0-301F-11D3-BF4B-00C04F79EFBC}") = "JJOOxamarin.Services", "JJOOxamarin\JJOOxamarin.Services\JJOOxamarin.Services.csproj", "{8E92102A-DE90-4129-8891-6DFED33D004D}"
EndProject
Project("{FAE04EC0-301F-11D3-BF4B-00C04F79EFBC}") = "JJOOxamarin", "JJOOxamarin\JJOOxamarin\JJOOxamarin.csproj", "{9404B4E0-6AA3-45AC-A364-7555C83E0426}"
EndProject
Project("{FAE04EC0-301F-11D3-BF4B-00C04F79EFBC}") = "JJOOxamarin.Droid", "JJOOxamarin\JJOOxamarin.Droid\JJOOxamarin.Droid.csproj", "{65CF1510-D5C8-4E18-9DF5-923D0CDDFEFC}"
EndProject
Project("{FAE04EC0-301F-11D3-BF4B-00C04F79EFBC}") = "JJOOxamarin.Touch", "JJOOxamarin\JJOOxamarin.Touch\JJOOxamarin.Touch.csproj", "{1C039E33-31A8-4221-B9A6-B3180BBBD581}"
EndProject
Global
	GlobalSection(SolutionConfigurationPlatforms) = preSolution
		Ad-Hoc|Any CPU = Ad-Hoc|Any CPU
		Ad-Hoc|iPhone = Ad-Hoc|iPhone
		Ad-Hoc|iPhoneSimulator = Ad-Hoc|iPhoneSimulator
		AppStore|Any CPU = AppStore|Any CPU
		AppStore|iPhone = AppStore|iPhone
		AppStore|iPhoneSimulator = AppStore|iPhoneSimulator
		Debug|Any CPU = Debug|Any CPU
		Debug|iPhone = Debug|iPhone
		Debug|iPhoneSimulator = Debug|iPhoneSimulator
		Release|Any CPU = Release|Any CPU
		Release|iPhone = Release|iPhone
		Release|iPhoneSimulator = Release|iPhoneSimulator
	EndGlobalSection
	GlobalSection(ProjectConfigurationPlatforms) = postSolution
		{0D6E1326-9622-41B0-8159-778D646B58D2}.Ad-Hoc|Any CPU.ActiveCfg = Release|Any CPU
		{0D6E1326-9622-41B0-8159-778D646B58D2}.Ad-Hoc|Any CPU.Build.0 = Release|Any CPU
		{0D6E1326-9622-41B0-8159-778D646B58D2}.Ad-Hoc|iPhone.ActiveCfg = Release|Any CPU
		{0D6E1326-9622-41B0-8159-778D646B58D2}.Ad-Hoc|iPhone.Build.0 = Release|Any CPU
		{0D6E1326-9622-41B0-8159-778D646B58D2}.Ad-Hoc|iPhoneSimulator.ActiveCfg = Release|Any CPU
		{0D6E1326-9622-41B0-8159-778D646B58D2}.Ad-Hoc|iPhoneSimulator.Build.0 = Release|Any CPU
		{0D6E1326-9622-41B0-8159-778D646B58D2}.AppStore|Any CPU.ActiveCfg = Release|Any CPU
		{0D6E1326-9622-41B0-8159-778D646B58D2}.AppStore|Any CPU.Build.0 = Release|Any CPU
		{0D6E1326-9622-41B0-8159-778D646B58D2}.AppStore|iPhone.ActiveCfg = Release|Any CPU
		{0D6E1326-9622-41B0-8159-778D646B58D2}.AppStore|iPhone.Build.0 = Release|Any CPU
		{0D6E1326-9622-41B0-8159-778D646B58D2}.AppStore|iPhoneSimulator.ActiveCfg = Release|Any CPU
		{0D6E1326-9622-41B0-8159-778D646B58D2}.AppStore|iPhoneSimulator.Build.0 = Release|Any CPU
		{0D6E1326-9622-41B0-8159-778D646B58D2}.Debug|Any CPU.ActiveCfg = Debug|Any CPU
		{0D6E1326-9622-41B0-8159-778D646B58D2}.Debug|Any CPU.Build.0 = Debug|Any CPU
		{0D6E1326-9622-41B0-8159-778D646B58D2}.Debug|iPhone.ActiveCfg = Debug|Any CPU
		{0D6E1326-9622-41B0-8159-778D646B58D2}.Debug|iPhone.Build.0 = Debug|Any CPU
		{0D6E1326-9622-41B0-8159-778D646B58D2}.Debug|iPhoneSimulator.ActiveCfg = Debug|Any CPU
		{0D6E1326-9622-41B0-8159-778D646B58D2}.Debug|iPhoneSimulator.Build.0 = Debug|Any CPU
		{0D6E1326-9622-41B0-8159-778D646B58D2}.Release|Any CPU.ActiveCfg = Release|Any CPU
		{0D6E1326-9622-41B0-8159-778D646B58D2}.Release|Any CPU.Build.0 = Release|Any CPU
		{0D6E1326-9622-41B0-8159-778D646B58D2}.Release|iPhone.ActiveCfg = Release|Any CPU
		{0D6E1326-9622-41B0-8159-778D646B58D2}.Release|iPhone.Build.0 = Release|Any CPU
		{0D6E1326-9622-41B0-8159-778D646B58D2}.Release|iPhoneSimulator.ActiveCfg = Release|Any CPU
		{0D6E1326-9622-41B0-8159-778D646B58D2}.Release|iPhoneSimulator.Build.0 = Release|Any CPU
		{8E92102A-DE90-4129-8891-6DFED33D004D}.Ad-Hoc|Any CPU.ActiveCfg = Release|Any CPU
		{8E92102A-DE90-4129-8891-6DFED33D004D}.Ad-Hoc|Any CPU.Build.0 = Release|Any CPU
		{8E92102A-DE90-4129-8891-6DFED33D004D}.Ad-Hoc|iPhone.ActiveCfg = Release|Any CPU
		{8E92102A-DE90-4129-8891-6DFED33D004D}.Ad-Hoc|iPhone.Build.0 = Release|Any CPU
		{8E92102A-DE90-4129-8891-6DFED33D004D}.Ad-Hoc|iPhoneSimulator.ActiveCfg = Release|Any CPU
		{8E92102A-DE90-4129-8891-6DFED33D004D}.Ad-Hoc|iPhoneSimulator.Build.0 = Release|Any CPU
		{8E92102A-DE90-4129-8891-6DFED33D004D}.AppStore|Any CPU.ActiveCfg = Release|Any CPU
		{8E92102A-DE90-4129-8891-6DFED33D004D}.AppStore|Any CPU.Build.0 = Release|Any CPU
		{8E92102A-DE90-4129-8891-6DFED33D004D}.AppStore|iPhone.ActiveCfg = Release|Any CPU
		{8E92102A-DE90-4129-8891-6DFED33D004D}.AppStore|iPhone.Build.0 = Release|Any CPU
		{8E92102A-DE90-4129-8891-6DFED33D004D}.AppStore|iPhoneSimulator.ActiveCfg = Release|Any CPU
		{8E92102A-DE90-4129-8891-6DFED33D004D}.AppStore|iPhoneSimulator.Build.0 = Release|Any CPU
		{8E92102A-DE90-4129-8891-6DFED33D004D}.Debug|Any CPU.ActiveCfg = Debug|Any CPU
		{8E92102A-DE90-4129-8891-6DFED33D004D}.Debug|Any CPU.Build.0 = Debug|Any CPU
		{8E92102A-DE90-4129-8891-6DFED33D004D}.Debug|iPhone.ActiveCfg = Debug|Any CPU
		{8E92102A-DE90-4129-8891-6DFED33D004D}.Debug|iPhone.Build.0 = Debug|Any CPU
		{8E92102A-DE90-4129-8891-6DFED33D004D}.Debug|iPhoneSimulator.ActiveCfg = Debug|Any CPU
		{8E92102A-DE90-4129-8891-6DFED33D004D}.Debug|iPhoneSimulator.Build.0 = Debug|Any CPU
		{8E92102A-DE90-4129-8891-6DFED33D004D}.Release|Any CPU.ActiveCfg = Release|Any CPU
		{8E92102A-DE90-4129-8891-6DFED33D004D}.Release|Any CPU.Build.0 = Release|Any CPU
		{8E92102A-DE90-4129-8891-6DFED33D004D}.Release|iPhone.ActiveCfg = Release|Any CPU
		{8E92102A-DE90-4129-8891-6DFED33D004D}.Release|iPhone.Build.0 = Release|Any CPU
		{8E92102A-DE90-4129-8891-6DFED33D004D}.Release|iPhoneSimulator.ActiveCfg = Release|Any CPU
		{8E92102A-DE90-4129-8891-6DFED33D004D}.Release|iPhoneSimulator.Build.0 = Release|Any CPU
		{9404B4E0-6AA3-45AC-A364-7555C83E0426}.Ad-Hoc|Any CPU.ActiveCfg = Release|Any CPU
		{9404B4E0-6AA3-45AC-A364-7555C83E0426}.Ad-Hoc|Any CPU.Build.0 = Release|Any CPU
		{9404B4E0-6AA3-45AC-A364-7555C83E0426}.Ad-Hoc|iPhone.ActiveCfg = Release|Any CPU
		{9404B4E0-6AA3-45AC-A364-7555C83E0426}.Ad-Hoc|iPhone.Build.0 = Release|Any CPU
		{9404B4E0-6AA3-45AC-A364-7555C83E0426}.Ad-Hoc|iPhoneSimulator.ActiveCfg = Release|Any CPU
		{9404B4E0-6AA3-45AC-A364-7555C83E0426}.Ad-Hoc|iPhoneSimulator.Build.0 = Release|Any CPU
		{9404B4E0-6AA3-45AC-A364-7555C83E0426}.AppStore|Any CPU.ActiveCfg = Release|Any CPU
		{9404B4E0-6AA3-45AC-A364-7555C83E0426}.AppStore|Any CPU.Build.0 = Release|Any CPU
		{9404B4E0-6AA3-45AC-A364-7555C83E0426}.AppStore|iPhone.ActiveCfg = Release|Any CPU
		{9404B4E0-6AA3-45AC-A364-7555C83E0426}.AppStore|iPhone.Build.0 = Release|Any CPU
		{9404B4E0-6AA3-45AC-A364-7555C83E0426}.AppStore|iPhoneSimulator.ActiveCfg = Release|Any CPU
		{9404B4E0-6AA3-45AC-A364-7555C83E0426}.AppStore|iPhoneSimulator.Build.0 = Release|Any CPU
		{9404B4E0-6AA3-45AC-A364-7555C83E0426}.Debug|Any CPU.ActiveCfg = Debug|Any CPU
		{9404B4E0-6AA3-45AC-A364-7555C83E0426}.Debug|Any CPU.Build.0 = Debug|Any CPU
		{9404B4E0-6AA3-45AC-A364-7555C83E0426}.Debug|iPhone.ActiveCfg = Debug|Any CPU
		{9404B4E0-6AA3-45AC-A364-7555C83E0426}.Debug|iPhone.Build.0 = Debug|Any CPU
		{9404B4E0-6AA3-45AC-A364-7555C83E0426}.Debug|iPhoneSimulator.ActiveCfg = Debug|Any CPU
		{9404B4E0-6AA3-45AC-A364-7555C83E0426}.Debug|iPhoneSimulator.Build.0 = Debug|Any CPU
		{9404B4E0-6AA3-45AC-A364-7555C83E0426}.Release|Any CPU.ActiveCfg = Release|Any CPU
		{9404B4E0-6AA3-45AC-A364-7555C83E0426}.Release|Any CPU.Build.0 = Release|Any CPU
		{9404B4E0-6AA3-45AC-A364-7555C83E0426}.Release|iPhone.ActiveCfg = Release|Any CPU
		{9404B4E0-6AA3-45AC-A364-7555C83E0426}.Release|iPhone.Build.0 = Release|Any CPU
		{9404B4E0-6AA3-45AC-A364-7555C83E0426}.Release|iPhoneSimulator.ActiveCfg = Release|Any CPU
		{9404B4E0-6AA3-45AC-A364-7555C83E0426}.Release|iPhoneSimulator.Build.0 = Release|Any CPU
		{65CF1510-D5C8-4E18-9DF5-923D0CDDFEFC}.Ad-Hoc|Any CPU.ActiveCfg = Release|Any CPU
		{65CF1510-D5C8-4E18-9DF5-923D0CDDFEFC}.Ad-Hoc|Any CPU.Build.0 = Release|Any CPU
		{65CF1510-D5C8-4E18-9DF5-923D0CDDFEFC}.Ad-Hoc|Any CPU.Deploy.0 = Release|Any CPU
		{65CF1510-D5C8-4E18-9DF5-923D0CDDFEFC}.Ad-Hoc|iPhone.ActiveCfg = Release|Any CPU
		{65CF1510-D5C8-4E18-9DF5-923D0CDDFEFC}.Ad-Hoc|iPhone.Build.0 = Release|Any CPU
		{65CF1510-D5C8-4E18-9DF5-923D0CDDFEFC}.Ad-Hoc|iPhone.Deploy.0 = Release|Any CPU
		{65CF1510-D5C8-4E18-9DF5-923D0CDDFEFC}.Ad-Hoc|iPhoneSimulator.ActiveCfg = Release|Any CPU
		{65CF1510-D5C8-4E18-9DF5-923D0CDDFEFC}.Ad-Hoc|iPhoneSimulator.Build.0 = Release|Any CPU
		{65CF1510-D5C8-4E18-9DF5-923D0CDDFEFC}.Ad-Hoc|iPhoneSimulator.Deploy.0 = Release|Any CPU
		{65CF1510-D5C8-4E18-9DF5-923D0CDDFEFC}.AppStore|Any CPU.ActiveCfg = Release|Any CPU
		{65CF1510-D5C8-4E18-9DF5-923D0CDDFEFC}.AppStore|Any CPU.Build.0 = Release|Any CPU
		{65CF1510-D5C8-4E18-9DF5-923D0CDDFEFC}.AppStore|Any CPU.Deploy.0 = Release|Any CPU
		{65CF1510-D5C8-4E18-9DF5-923D0CDDFEFC}.AppStore|iPhone.ActiveCfg = Release|Any CPU
		{65CF1510-D5C8-4E18-9DF5-923D0CDDFEFC}.AppStore|iPhone.Build.0 = Release|Any CPU
		{65CF1510-D5C8-4E18-9DF5-923D0CDDFEFC}.AppStore|iPhone.Deploy.0 = Release|Any CPU
		{65CF1510-D5C8-4E18-9DF5-923D0CDDFEFC}.AppStore|iPhoneSimulator.ActiveCfg = Release|Any CPU
		{65CF1510-D5C8-4E18-9DF5-923D0CDDFEFC}.AppStore|iPhoneSimulator.Build.0 = Release|Any CPU
		{65CF1510-D5C8-4E18-9DF5-923D0CDDFEFC}.AppStore|iPhoneSimulator.Deploy.0 = Release|Any CPU
		{65CF1510-D5C8-4E18-9DF5-923D0CDDFEFC}.Debug|Any CPU.ActiveCfg = Debug|Any CPU
		{65CF1510-D5C8-4E18-9DF5-923D0CDDFEFC}.Debug|Any CPU.Build.0 = Debug|Any CPU
		{65CF1510-D5C8-4E18-9DF5-923D0CDDFEFC}.Debug|Any CPU.Deploy.0 = Debug|Any CPU
		{65CF1510-D5C8-4E18-9DF5-923D0CDDFEFC}.Debug|iPhone.ActiveCfg = Debug|Any CPU
		{65CF1510-D5C8-4E18-9DF5-923D0CDDFEFC}.Debug|iPhone.Build.0 = Debug|Any CPU
		{65CF1510-D5C8-4E18-9DF5-923D0CDDFEFC}.Debug|iPhone.Deploy.0 = Debug|Any CPU
		{65CF1510-D5C8-4E18-9DF5-923D0CDDFEFC}.Debug|iPhoneSimulator.ActiveCfg = Debug|Any CPU
		{65CF1510-D5C8-4E18-9DF5-923D0CDDFEFC}.Debug|iPhoneSimulator.Build.0 = Debug|Any CPU
		{65CF1510-D5C8-4E18-9DF5-923D0CDDFEFC}.Debug|iPhoneSimulator.Deploy.0 = Debug|Any CPU
		{65CF1510-D5C8-4E18-9DF5-923D0CDDFEFC}.Release|Any CPU.ActiveCfg = Release|Any CPU
		{65CF1510-D5C8-4E18-9DF5-923D0CDDFEFC}.Release|Any CPU.Build.0 = Release|Any CPU
		{65CF1510-D5C8-4E18-9DF5-923D0CDDFEFC}.Release|Any CPU.Deploy.0 = Release|Any CPU
		{65CF1510-D5C8-4E18-9DF5-923D0CDDFEFC}.Release|iPhone.ActiveCfg = Release|Any CPU
		{65CF1510-D5C8-4E18-9DF5-923D0CDDFEFC}.Release|iPhone.Build.0 = Release|Any CPU
		{65CF1510-D5C8-4E18-9DF5-923D0CDDFEFC}.Release|iPhone.Deploy.0 = Release|Any CPU
		{65CF1510-D5C8-4E18-9DF5-923D0CDDFEFC}.Release|iPhoneSimulator.ActiveCfg = Release|Any CPU
		{65CF1510-D5C8-4E18-9DF5-923D0CDDFEFC}.Release|iPhoneSimulator.Build.0 = Release|Any CPU
		{65CF1510-D5C8-4E18-9DF5-923D0CDDFEFC}.Release|iPhoneSimulator.Deploy.0 = Release|Any CPU
		{1C039E33-31A8-4221-B9A6-B3180BBBD581}.Ad-Hoc|Any CPU.ActiveCfg = Ad-Hoc|iPhone
		{1C039E33-31A8-4221-B9A6-B3180BBBD581}.Ad-Hoc|iPhone.ActiveCfg = Ad-Hoc|iPhone
		{1C039E33-31A8-4221-B9A6-B3180BBBD581}.Ad-Hoc|iPhone.Build.0 = Ad-Hoc|iPhone
		{1C039E33-31A8-4221-B9A6-B3180BBBD581}.Ad-Hoc|iPhoneSimulator.ActiveCfg = Ad-Hoc|iPhoneSimulator
		{1C039E33-31A8-4221-B9A6-B3180BBBD581}.Ad-Hoc|iPhoneSimulator.Build.0 = Ad-Hoc|iPhoneSimulator
		{1C039E33-31A8-4221-B9A6-B3180BBBD581}.AppStore|Any CPU.ActiveCfg = AppStore|iPhone
		{1C039E33-31A8-4221-B9A6-B3180BBBD581}.AppStore|iPhone.ActiveCfg = AppStore|iPhone
		{1C039E33-31A8-4221-B9A6-B3180BBBD581}.AppStore|iPhone.Build.0 = AppStore|iPhone
		{1C039E33-31A8-4221-B9A6-B3180BBBD581}.AppStore|iPhoneSimulator.ActiveCfg = AppStore|iPhoneSimulator
		{1C039E33-31A8-4221-B9A6-B3180BBBD581}.AppStore|iPhoneSimulator.Build.0 = AppStore|iPhoneSimulator
		{1C039E33-31A8-4221-B9A6-B3180BBBD581}.Debug|Any CPU.ActiveCfg = Debug|iPhone
		{1C039E33-31A8-4221-B9A6-B3180BBBD581}.Debug|iPhone.ActiveCfg = Debug|iPhone
		{1C039E33-31A8-4221-B9A6-B3180BBBD581}.Debug|iPhone.Build.0 = Debug|iPhone
		{1C039E33-31A8-4221-B9A6-B3180BBBD581}.Debug|iPhoneSimulator.ActiveCfg = Debug|iPhoneSimulator
		{1C039E33-31A8-4221-B9A6-B3180BBBD581}.Debug|iPhoneSimulator.Build.0 = Debug|iPhoneSimulator
		{1C039E33-31A8-4221-B9A6-B3180BBBD581}.Release|Any CPU.ActiveCfg = Release|iPhone
		{1C039E33-31A8-4221-B9A6-B3180BBBD581}.Release|iPhone.ActiveCfg = Release|iPhone
		{1C039E33-31A8-4221-B9A6-B3180BBBD581}.Release|iPhone.Build.0 = Release|iPhone
		{1C039E33-31A8-4221-B9A6-B3180BBBD581}.Release|iPhoneSimulator.ActiveCfg = Release|iPhoneSimulator
		{1C039E33-31A8-4221-B9A6-B3180BBBD581}.Release|iPhoneSimulator.Build.0 = Release|iPhoneSimulator
	EndGlobalSection
	GlobalSection(SolutionProperties) = preSolution
		HideSolutionNode = FALSE
	EndGlobalSection
EndGlobal
